[couchbase]
path = "couchbase"
sha256 = "b9d4d7505b29d03f4952cf4845195f728070af4de248e8c6a01807879165dd32"
sha512 = "24b8d81c71a4da20f3881a4a5d10a323dfbe73484b471f89514aa05596022bfb3624c05c2eb11600d976fa58d47f7872daaf9f913d74c13dbad272255603304f"

[keyvalue]
path = "keyvalue"
sha256 = "384d54bed5a91e7673732138b9b35c85351c64abd4d359e196aaf11a97d663ed"
sha512 = "feabffd5a6b10b1043342aa7378132f2f6aace06c1d0bb67492e8ec8c23db62b2cf357db51f1672f21bb6b20e3bf8952347ce6fc2e108955e66766574e8e7793"
