[couchbase]
path = "couchbase"
sha256 = "f09e802f48d9239c2584fc782b1db9b872393af2e550598d3a6efbd5dacde070"
sha512 = "b0b722ec3d047ba63932a1ebb657a0ea3fd3163428cb3d0d273ca67a27809f8c315aaab93b8b3edcb46757dc801e5b16961973a9de787e33c4df2d740aada844"

[keyvalue]
path = "keyvalue"
sha256 = "384d54bed5a91e7673732138b9b35c85351c64abd4d359e196aaf11a97d663ed"
sha512 = "feabffd5a6b10b1043342aa7378132f2f6aace06c1d0bb67492e8ec8c23db62b2cf357db51f1672f21bb6b20e3bf8952347ce6fc2e108955e66766574e8e7793"
