[couchbase]
path = "couchbase"
sha256 = "1c4502722fe222e4c4ca9fe94afde60e10e90808b615a2d11c6380c28bda4a1f"
sha512 = "d530a661e4727a36de87dd354cc82e9f32b3dc2ca985c946afe618930a9b2794e9ed344c0142592a16ad4a0e10d7916b2c5741d935ff49deef5f4cf8bf3735c9"

[keyvalue]
path = "keyvalue"
sha256 = "384d54bed5a91e7673732138b9b35c85351c64abd4d359e196aaf11a97d663ed"
sha512 = "feabffd5a6b10b1043342aa7378132f2f6aace06c1d0bb67492e8ec8c23db62b2cf357db51f1672f21bb6b20e3bf8952347ce6fc2e108955e66766574e8e7793"
